<Solution>
  <Folder Name="/src/">
    <Project Path="src/TradingSim.Api/TradingSim.Api.csproj" />
    <Project Path="src/TradingSim.Application/TradingSim.Application.csproj" />
    <Project Path="src/TradingSim.Domain/TradingSim.Domain.csproj" />
    <Project Path="src/TradingSim.Infrastructure/TradingSim.Infrastructure.csproj" />
  </Folder>
  <Folder Name="/tests/">
    <Project Path="tests/TradingSim.Tests/TradingSim.Tests.csproj" />
  </Folder>
</Solution>
